
Microsoft Visual Studio Solution File, Format Version 12.00
# Visual Studio Version 17
VisualStudioVersion = 17.11.35208.52
MinimumVisualStudioVersion = 10.0.40219.1
Project("{9A19103F-16F7-4668-BE54-9A1E7A4F7556}") = "TiiendaWeb", "TiiendaWeb\TiiendaWeb.csproj", "{EC6400F5-3766-45ED-BE3D-135FA7FADE55}"
EndProject
Global
	GlobalSection(SolutionConfigurationPlatforms) = preSolution
		Debug|Any CPU = Debug|Any CPU
		Release|Any CPU = Release|Any CPU
	EndGlobalSection
	GlobalSection(ProjectConfigurationPlatforms) = postSolution
		{EC6400F5-3766-45ED-BE3D-135FA7FADE55}.Debug|Any CPU.ActiveCfg = Debug|Any CPU
		{EC6400F5-3766-45ED-BE3D-135FA7FADE55}.Debug|Any CPU.Build.0 = Debug|Any CPU
		{EC6400F5-3766-45ED-BE3D-135FA7FADE55}.Release|Any CPU.ActiveCfg = Release|Any CPU
		{EC6400F5-3766-45ED-BE3D-135FA7FADE55}.Release|Any CPU.Build.0 = Release|Any CPU
	EndGlobalSection
	GlobalSection(SolutionProperties) = preSolution
		HideSolutionNode = FALSE
	EndGlobalSection
	GlobalSection(ExtensibilityGlobals) = postSolution
		SolutionGuid = {7BA5AB6E-D91F-4720-BD47-0725DB5788D2}
	EndGlobalSection
EndGlobal
